
Microsoft Visual Studio Solution File, Format Version 12.00
# Visual Studio Version 17
VisualStudioVersion = 17.6.33815.320
MinimumVisualStudioVersion = 10.0.40219.1
Project("{FAE04EC0-301F-11D3-BF4B-00C04F79EFBC}") = "CarParts2023", "CarParts2023\CarParts2023.csproj", "{1F503FAE-B364-4701-A571-788A4072A464}"
EndProject
Global
	GlobalSection(SolutionConfigurationPlatforms) = preSolution
		Debug|Any CPU = Debug|Any CPU
		Release|Any CPU = Release|Any CPU
	EndGlobalSection
	GlobalSection(ProjectConfigurationPlatforms) = postSolution
		{1F503FAE-B364-4701-A571-788A4072A464}.Debug|Any CPU.ActiveCfg = Debug|Any CPU
		{1F503FAE-B364-4701-A571-788A4072A464}.Debug|Any CPU.Build.0 = Debug|Any CPU
		{1F503FAE-B364-4701-A571-788A4072A464}.Release|Any CPU.ActiveCfg = Release|Any CPU
		{1F503FAE-B364-4701-A571-788A4072A464}.Release|Any CPU.Build.0 = Release|Any CPU
	EndGlobalSection
	GlobalSection(SolutionProperties) = preSolution
		HideSolutionNode = FALSE
	EndGlobalSection
	GlobalSection(ExtensibilityGlobals) = postSolution
		SolutionGuid = {673A4974-3085-465C-8023-81B7A3BFC9DD}
	EndGlobalSection
EndGlobal
