
Microsoft Visual Studio Solution File, Format Version 12.00
# Visual Studio Version 17
VisualStudioVersion = 17.6.33815.320
MinimumVisualStudioVersion = 10.0.40219.1
Project("{2150E333-8FDC-42A3-9474-1A3956D46DE8}") = "Data", "Data", "{87F36DE8-8856-48E5-A3A6-F6EB4495E6E9}"
EndProject
Project("{2150E333-8FDC-42A3-9474-1A3956D46DE8}") = "Services", "Services", "{FA6A84A1-E685-4EC2-BCBE-33FBA7D38CC7}"
EndProject
Project("{2150E333-8FDC-42A3-9474-1A3956D46DE8}") = "Web", "Web", "{FDE24B50-D9BA-4CB0-AC28-E6B3F0AAFF83}"
EndProject
Project("{9A19103F-16F7-4668-BE54-9A1E7A4F7556}") = "CarParts.Data", "CarParts.Data\CarParts.Data.csproj", "{68D71EBD-9261-434D-9606-A708FBF937C6}"
EndProject
Project("{9A19103F-16F7-4668-BE54-9A1E7A4F7556}") = "CarParts.Data.Models", "CarParts.Data.Models\CarParts.Data.Models.csproj", "{133FECAA-49E0-4EDC-89A8-D614D1DBF826}"
EndProject
Project("{9A19103F-16F7-4668-BE54-9A1E7A4F7556}") = "CarParts.Services.Data", "CarParts.Services.Data\CarParts.Services.Data.csproj", "{254813A0-A09D-4278-B837-F1CAC7070294}"
EndProject
Project("{9A19103F-16F7-4668-BE54-9A1E7A4F7556}") = "CarParts.Web.ViewModels", "CarParts.Web.ViewModels\CarParts.Web.ViewModels.csproj", "{F647CF2E-3351-4EC5-AC11-6D6602A44181}"
EndProject
Project("{9A19103F-16F7-4668-BE54-9A1E7A4F7556}") = "CarParts.Common", "CarParts.Common\CarParts.Common.csproj", "{887F7B37-68DB-4B49-B32D-DFE23BDB75D4}"
EndProject
Project("{9A19103F-16F7-4668-BE54-9A1E7A4F7556}") = "CarParts.Services.Mapping", "CarParts.Services.Mapping\CarParts.Services.Mapping.csproj", "{9931D99D-8455-429B-9F4C-7711B0AA1C0C}"
EndProject
Project("{2150E333-8FDC-42A3-9474-1A3956D46DE8}") = "Tests", "Tests", "{391EFE6D-0A14-41C8-9C3D-D38F4C310FBA}"
EndProject
Project("{9A19103F-16F7-4668-BE54-9A1E7A4F7556}") = "CarParts.Services.Tests", "CarParts.Services.Tests\CarParts.Services.Tests.csproj", "{61DA3B50-CF56-48BC-9AE2-9EEED9D08384}"
EndProject
Project("{9A19103F-16F7-4668-BE54-9A1E7A4F7556}") = "CarParts.Web", "CarParts.Web\CarParts.Web.csproj", "{B7602999-758C-44CF-819B-36FCBCA77274}"
EndProject
Global
	GlobalSection(SolutionConfigurationPlatforms) = preSolution
		Debug|Any CPU = Debug|Any CPU
		Release|Any CPU = Release|Any CPU
	EndGlobalSection
	GlobalSection(ProjectConfigurationPlatforms) = postSolution
		{68D71EBD-9261-434D-9606-A708FBF937C6}.Debug|Any CPU.ActiveCfg = Debug|Any CPU
		{68D71EBD-9261-434D-9606-A708FBF937C6}.Debug|Any CPU.Build.0 = Debug|Any CPU
		{68D71EBD-9261-434D-9606-A708FBF937C6}.Release|Any CPU.ActiveCfg = Release|Any CPU
		{68D71EBD-9261-434D-9606-A708FBF937C6}.Release|Any CPU.Build.0 = Release|Any CPU
		{133FECAA-49E0-4EDC-89A8-D614D1DBF826}.Debug|Any CPU.ActiveCfg = Debug|Any CPU
		{133FECAA-49E0-4EDC-89A8-D614D1DBF826}.Debug|Any CPU.Build.0 = Debug|Any CPU
		{133FECAA-49E0-4EDC-89A8-D614D1DBF826}.Release|Any CPU.ActiveCfg = Release|Any CPU
		{133FECAA-49E0-4EDC-89A8-D614D1DBF826}.Release|Any CPU.Build.0 = Release|Any CPU
		{254813A0-A09D-4278-B837-F1CAC7070294}.Debug|Any CPU.ActiveCfg = Debug|Any CPU
		{254813A0-A09D-4278-B837-F1CAC7070294}.Debug|Any CPU.Build.0 = Debug|Any CPU
		{254813A0-A09D-4278-B837-F1CAC7070294}.Release|Any CPU.ActiveCfg = Release|Any CPU
		{254813A0-A09D-4278-B837-F1CAC7070294}.Release|Any CPU.Build.0 = Release|Any CPU
		{F647CF2E-3351-4EC5-AC11-6D6602A44181}.Debug|Any CPU.ActiveCfg = Debug|Any CPU
		{F647CF2E-3351-4EC5-AC11-6D6602A44181}.Debug|Any CPU.Build.0 = Debug|Any CPU
		{F647CF2E-3351-4EC5-AC11-6D6602A44181}.Release|Any CPU.ActiveCfg = Release|Any CPU
		{F647CF2E-3351-4EC5-AC11-6D6602A44181}.Release|Any CPU.Build.0 = Release|Any CPU
		{887F7B37-68DB-4B49-B32D-DFE23BDB75D4}.Debug|Any CPU.ActiveCfg = Debug|Any CPU
		{887F7B37-68DB-4B49-B32D-DFE23BDB75D4}.Debug|Any CPU.Build.0 = Debug|Any CPU
		{887F7B37-68DB-4B49-B32D-DFE23BDB75D4}.Release|Any CPU.ActiveCfg = Release|Any CPU
		{887F7B37-68DB-4B49-B32D-DFE23BDB75D4}.Release|Any CPU.Build.0 = Release|Any CPU
		{9931D99D-8455-429B-9F4C-7711B0AA1C0C}.Debug|Any CPU.ActiveCfg = Debug|Any CPU
		{9931D99D-8455-429B-9F4C-7711B0AA1C0C}.Debug|Any CPU.Build.0 = Debug|Any CPU
		{9931D99D-8455-429B-9F4C-7711B0AA1C0C}.Release|Any CPU.ActiveCfg = Release|Any CPU
		{9931D99D-8455-429B-9F4C-7711B0AA1C0C}.Release|Any CPU.Build.0 = Release|Any CPU
		{61DA3B50-CF56-48BC-9AE2-9EEED9D08384}.Debug|Any CPU.ActiveCfg = Debug|Any CPU
		{61DA3B50-CF56-48BC-9AE2-9EEED9D08384}.Debug|Any CPU.Build.0 = Debug|Any CPU
		{61DA3B50-CF56-48BC-9AE2-9EEED9D08384}.Release|Any CPU.ActiveCfg = Release|Any CPU
		{61DA3B50-CF56-48BC-9AE2-9EEED9D08384}.Release|Any CPU.Build.0 = Release|Any CPU
		{B7602999-758C-44CF-819B-36FCBCA77274}.Debug|Any CPU.ActiveCfg = Debug|Any CPU
		{B7602999-758C-44CF-819B-36FCBCA77274}.Debug|Any CPU.Build.0 = Debug|Any CPU
		{B7602999-758C-44CF-819B-36FCBCA77274}.Release|Any CPU.ActiveCfg = Release|Any CPU
		{B7602999-758C-44CF-819B-36FCBCA77274}.Release|Any CPU.Build.0 = Release|Any CPU
	EndGlobalSection
	GlobalSection(SolutionProperties) = preSolution
		HideSolutionNode = FALSE
	EndGlobalSection
	GlobalSection(NestedProjects) = preSolution
		{68D71EBD-9261-434D-9606-A708FBF937C6} = {87F36DE8-8856-48E5-A3A6-F6EB4495E6E9}
		{133FECAA-49E0-4EDC-89A8-D614D1DBF826} = {87F36DE8-8856-48E5-A3A6-F6EB4495E6E9}
		{254813A0-A09D-4278-B837-F1CAC7070294} = {FA6A84A1-E685-4EC2-BCBE-33FBA7D38CC7}
		{F647CF2E-3351-4EC5-AC11-6D6602A44181} = {FDE24B50-D9BA-4CB0-AC28-E6B3F0AAFF83}
		{9931D99D-8455-429B-9F4C-7711B0AA1C0C} = {FA6A84A1-E685-4EC2-BCBE-33FBA7D38CC7}
		{61DA3B50-CF56-48BC-9AE2-9EEED9D08384} = {391EFE6D-0A14-41C8-9C3D-D38F4C310FBA}
		{B7602999-758C-44CF-819B-36FCBCA77274} = {FDE24B50-D9BA-4CB0-AC28-E6B3F0AAFF83}
	EndGlobalSection
	GlobalSection(ExtensibilityGlobals) = postSolution
		SolutionGuid = {458D448A-0633-4BD6-A70C-F8B5F1C92CFF}
	EndGlobalSection
EndGlobal
