
Microsoft Visual Studio Solution File, Format Version 12.00
# Visual Studio Version 17
VisualStudioVersion = 17.6.33815.320
MinimumVisualStudioVersion = 10.0.40219.1
Project("{FAE04EC0-301F-11D3-BF4B-00C04F79EFBC}") = "CarParts", "CarParts\CarParts.csproj", "{6A503797-8C77-461D-87CB-8F1A2D5F22FB}"
EndProject
Global
	GlobalSection(SolutionConfigurationPlatforms) = preSolution
		Debug|Any CPU = Debug|Any CPU
		Release|Any CPU = Release|Any CPU
	EndGlobalSection
	GlobalSection(ProjectConfigurationPlatforms) = postSolution
		{6A503797-8C77-461D-87CB-8F1A2D5F22FB}.Debug|Any CPU.ActiveCfg = Debug|Any CPU
		{6A503797-8C77-461D-87CB-8F1A2D5F22FB}.Debug|Any CPU.Build.0 = Debug|Any CPU
		{6A503797-8C77-461D-87CB-8F1A2D5F22FB}.Release|Any CPU.ActiveCfg = Release|Any CPU
		{6A503797-8C77-461D-87CB-8F1A2D5F22FB}.Release|Any CPU.Build.0 = Release|Any CPU
	EndGlobalSection
	GlobalSection(SolutionProperties) = preSolution
		HideSolutionNode = FALSE
	EndGlobalSection
	GlobalSection(ExtensibilityGlobals) = postSolution
		SolutionGuid = {458D448A-0633-4BD6-A70C-F8B5F1C92CFF}
	EndGlobalSection
EndGlobal
